// !$*UTF8*$!
{
	archiveVersion = 1;
	classes = {
	};
	objectVersion = 50;
	objects = {

/* Begin PBXBuildFile section */
		26CAB2EE5F8514A17B7E8AA4 /* Pods_Sky.framework in Frameworks */ = {isa = PBXBuildFile; fileRef = 21EDD7C59C5D829EC337FC7F /* Pods_Sky.framework */; };
		5BB0223821D7275600533925 /* AppDelegate.swift in Sources */ = {isa = PBXBuildFile; fileRef = 5BB0223721D7275600533925 /* AppDelegate.swift */; };
		5BB0223A21D7275600533925 /* ViewController.swift in Sources */ = {isa = PBXBuildFile; fileRef = 5BB0223921D7275600533925 /* ViewController.swift */; };
		5BB0223D21D7275600533925 /* Main.storyboard in Resources */ = {isa = PBXBuildFile; fileRef = 5BB0223B21D7275600533925 /* Main.storyboard */; };
		5BB0223F21D7275900533925 /* Assets.xcassets in Resources */ = {isa = PBXBuildFile; fileRef = 5BB0223E21D7275900533925 /* Assets.xcassets */; };
		5BB0224221D7275900533925 /* LaunchScreen.storyboard in Resources */ = {isa = PBXBuildFile; fileRef = 5BB0224021D7275900533925 /* LaunchScreen.storyboard */; };
		5BC4BEC721DC581B007DFA80 /* Default-568h@2x.png in Resources */ = {isa = PBXBuildFile; fileRef = 5BC4BEC621DC581B007DFA80 /* Default-568h@2x.png */; };
		5BFC4D9721DC676900140D08 /* Configuration.swift in Sources */ = {isa = PBXBuildFile; fileRef = 5BFC4D9621DC676900140D08 /* Configuration.swift */; };
		5BFC4D9921DC694200140D08 /* Location.swift in Sources */ = {isa = PBXBuildFile; fileRef = 5BFC4D9821DC694200140D08 /* Location.swift */; };
		5BFC4D9B21DC69AF00140D08 /* WeatherData.swift in Sources */ = {isa = PBXBuildFile; fileRef = 5BFC4D9A21DC69AF00140D08 /* WeatherData.swift */; };
		5BFC4D9E21DC6A8B00140D08 /* WeatherDataManager.swift in Sources */ = {isa = PBXBuildFile; fileRef = 5BFC4D9D21DC6A8B00140D08 /* WeatherDataManager.swift */; };
/* End PBXBuildFile section */

/* Begin PBXFileReference section */
		00FC26E07C2DAFC592FDA5CD /* Pods-Sky.release.xcconfig */ = {isa = PBXFileReference; includeInIndex = 1; lastKnownFileType = text.xcconfig; name = "Pods-Sky.release.xcconfig"; path = "Target Support Files/Pods-Sky/Pods-Sky.release.xcconfig"; sourceTree = "<group>"; };
		21EDD7C59C5D829EC337FC7F /* Pods_Sky.framework */ = {isa = PBXFileReference; explicitFileType = wrapper.framework; includeInIndex = 0; path = Pods_Sky.framework; sourceTree = BUILT_PRODUCTS_DIR; };
		5BB0223421D7275600533925 /* Sky.app */ = {isa = PBXFileReference; explicitFileType = wrapper.application; includeInIndex = 0; path = Sky.app; sourceTree = BUILT_PRODUCTS_DIR; };
		5BB0223721D7275600533925 /* AppDelegate.swift */ = {isa = PBXFileReference; lastKnownFileType = sourcecode.swift; path = AppDelegate.swift; sourceTree = "<group>"; };
		5BB0223921D7275600533925 /* ViewController.swift */ = {isa = PBXFileReference; lastKnownFileType = sourcecode.swift; path = ViewController.swift; sourceTree = "<group>"; };
		5BB0223C21D7275600533925 /* Base */ = {isa = PBXFileReference; lastKnownFileType = file.storyboard; name = Base; path = Base.lproj/Main.storyboard; sourceTree = "<group>"; };
		5BB0223E21D7275900533925 /* Assets.xcassets */ = {isa = PBXFileReference; lastKnownFileType = folder.assetcatalog; path = Assets.xcassets; sourceTree = "<group>"; };
		5BB0224121D7275900533925 /* Base */ = {isa = PBXFileReference; lastKnownFileType = file.storyboard; name = Base; path = Base.lproj/LaunchScreen.storyboard; sourceTree = "<group>"; };
		5BB0224321D7275900533925 /* Info.plist */ = {isa = PBXFileReference; lastKnownFileType = text.plist.xml; path = Info.plist; sourceTree = "<group>"; };
		5BC4BEC321DC5428007DFA80 /* SkyTests.swift */ = {isa = PBXFileReference; lastKnownFileType = sourcecode.swift; path = SkyTests.swift; sourceTree = "<group>"; };
		5BC4BEC621DC581B007DFA80 /* Default-568h@2x.png */ = {isa = PBXFileReference; lastKnownFileType = image.png; path = "Default-568h@2x.png"; sourceTree = "<group>"; };
		5BFC4D9621DC676900140D08 /* Configuration.swift */ = {isa = PBXFileReference; lastKnownFileType = sourcecode.swift; path = Configuration.swift; sourceTree = "<group>"; };
		5BFC4D9821DC694200140D08 /* Location.swift */ = {isa = PBXFileReference; lastKnownFileType = sourcecode.swift; path = Location.swift; sourceTree = "<group>"; };
		5BFC4D9A21DC69AF00140D08 /* WeatherData.swift */ = {isa = PBXFileReference; lastKnownFileType = sourcecode.swift; path = WeatherData.swift; sourceTree = "<group>"; };
		5BFC4D9D21DC6A8B00140D08 /* WeatherDataManager.swift */ = {isa = PBXFileReference; lastKnownFileType = sourcecode.swift; path = WeatherDataManager.swift; sourceTree = "<group>"; };
		D38B3EAAD3E08C7388D754BC /* Pods-Sky.debug.xcconfig */ = {isa = PBXFileReference; includeInIndex = 1; lastKnownFileType = text.xcconfig; name = "Pods-Sky.debug.xcconfig"; path = "Target Support Files/Pods-Sky/Pods-Sky.debug.xcconfig"; sourceTree = "<group>"; };
/* End PBXFileReference section */

/* Begin PBXFrameworksBuildPhase section */
		5BB0223121D7275600533925 /* Frameworks */ = {
			isa = PBXFrameworksBuildPhase;
			buildActionMask = 2147483647;
			files = (
				26CAB2EE5F8514A17B7E8AA4 /* Pods_Sky.framework in Frameworks */,
			);
			runOnlyForDeploymentPostprocessing = 0;
		};
/* End PBXFrameworksBuildPhase section */

/* Begin PBXGroup section */
		5583FB17A578D0F6C14E8E55 /* Frameworks */ = {
			isa = PBXGroup;
			children = (
				21EDD7C59C5D829EC337FC7F /* Pods_Sky.framework */,
			);
			name = Frameworks;
			sourceTree = "<group>";
		};
		5BB0222B21D7275600533925 = {
			isa = PBXGroup;
			children = (
				5BB0223621D7275600533925 /* Sky */,
				5BFC4D9421DC674700140D08 /* Model */,
				5BFC4D9521DC675000140D08 /* Controller */,
				5BFC4D9C21DC6A6800140D08 /* Manager */,
				5BC4BEC521DC5803007DFA80 /* Resource */,
				5BC4BEC221DC53DE007DFA80 /* SkyTests */,
				5BB0223521D7275600533925 /* Products */,
				B10AEC40C926BCF6EDDFF44B /* Pods */,
				5583FB17A578D0F6C14E8E55 /* Frameworks */,
			);
			sourceTree = "<group>";
		};
		5BB0223521D7275600533925 /* Products */ = {
			isa = PBXGroup;
			children = (
				5BB0223421D7275600533925 /* Sky.app */,
			);
			name = Products;
			sourceTree = "<group>";
		};
		5BB0223621D7275600533925 /* Sky */ = {
			isa = PBXGroup;
			children = (
				5BB0223721D7275600533925 /* AppDelegate.swift */,
				5BB0223921D7275600533925 /* ViewController.swift */,
			);
			path = Sky;
			sourceTree = "<group>";
		};
		5BC4BEC221DC53DE007DFA80 /* SkyTests */ = {
			isa = PBXGroup;
			children = (
				5BC4BEC321DC5428007DFA80 /* SkyTests.swift */,
			);
			path = SkyTests;
			sourceTree = "<group>";
		};
		5BC4BEC521DC5803007DFA80 /* Resource */ = {
			isa = PBXGroup;
			children = (
				5BB0224321D7275900533925 /* Info.plist */,
				5BB0223B21D7275600533925 /* Main.storyboard */,
				5BB0223E21D7275900533925 /* Assets.xcassets */,
				5BB0224021D7275900533925 /* LaunchScreen.storyboard */,
				5BC4BEC621DC581B007DFA80 /* Default-568h@2x.png */,
			);
			path = Resource;
			sourceTree = "<group>";
		};
		5BFC4D9421DC674700140D08 /* Model */ = {
			isa = PBXGroup;
			children = (
				5BFC4D9621DC676900140D08 /* Configuration.swift */,
				5BFC4D9821DC694200140D08 /* Location.swift */,
				5BFC4D9A21DC69AF00140D08 /* WeatherData.swift */,
			);
			path = Model;
			sourceTree = "<group>";
		};
		5BFC4D9521DC675000140D08 /* Controller */ = {
			isa = PBXGroup;
			children = (
			);
			path = Controller;
			sourceTree = "<group>";
		};
		5BFC4D9C21DC6A6800140D08 /* Manager */ = {
			isa = PBXGroup;
			children = (
				5BFC4D9D21DC6A8B00140D08 /* WeatherDataManager.swift */,
			);
			path = Manager;
			sourceTree = "<group>";
		};
		B10AEC40C926BCF6EDDFF44B /* Pods */ = {
			isa = PBXGroup;
			children = (
				D38B3EAAD3E08C7388D754BC /* Pods-Sky.debug.xcconfig */,
				00FC26E07C2DAFC592FDA5CD /* Pods-Sky.release.xcconfig */,
			);
			path = Pods;
			sourceTree = "<group>";
		};
/* End PBXGroup section */

/* Begin PBXNativeTarget section */
		5BB0223321D7275600533925 /* Sky */ = {
			isa = PBXNativeTarget;
			buildConfigurationList = 5BB0224621D7275900533925 /* Build configuration list for PBXNativeTarget "Sky" */;
			buildPhases = (
				43297A0F959B48500EDF6C65 /* [CP] Check Pods Manifest.lock */,
				5BB0223021D7275600533925 /* Sources */,
				5BB0223121D7275600533925 /* Frameworks */,
				5BB0223221D7275600533925 /* Resources */,
				DAB26FCC8B788326C9B5E7B9 /* [CP] Embed Pods Frameworks */,
			);
			buildRules = (
			);
			dependencies = (
			);
			name = Sky;
			productName = Sky;
			productReference = 5BB0223421D7275600533925 /* Sky.app */;
			productType = "com.apple.product-type.application";
		};
/* End PBXNativeTarget section */

/* Begin PBXProject section */
		5BB0222C21D7275600533925 /* Project object */ = {
			isa = PBXProject;
			attributes = {
				LastSwiftUpdateCheck = 1010;
				LastUpgradeCheck = 1010;
				ORGANIZATIONNAME = Kuroky;
				TargetAttributes = {
					5BB0223321D7275600533925 = {
						CreatedOnToolsVersion = 10.1;
					};
				};
			};
			buildConfigurationList = 5BB0222F21D7275600533925 /* Build configuration list for PBXProject "Sky" */;
			compatibilityVersion = "Xcode 9.3";
			developmentRegion = en;
			hasScannedForEncodings = 0;
			knownRegions = (
				en,
				Base,
			);
			mainGroup = 5BB0222B21D7275600533925;
			productRefGroup = 5BB0223521D7275600533925 /* Products */;
			projectDirPath = "";
			projectRoot = "";
			targets = (
				5BB0223321D7275600533925 /* Sky */,
			);
		};
/* End PBXProject section */

/* Begin PBXResourcesBuildPhase section */
		5BB0223221D7275600533925 /* Resources */ = {
			isa = PBXResourcesBuildPhase;
			buildActionMask = 2147483647;
			files = (
				5BB0224221D7275900533925 /* LaunchScreen.storyboard in Resources */,
				5BC4BEC721DC581B007DFA80 /* Default-568h@2x.png in Resources */,
				5BB0223F21D7275900533925 /* Assets.xcassets in Resources */,
				5BB0223D21D7275600533925 /* Main.storyboard in Resources */,
			);
			runOnlyForDeploymentPostprocessing = 0;
		};
/* End PBXResourcesBuildPhase section */

/* Begin PBXShellScriptBuildPhase section */
		43297A0F959B48500EDF6C65 /* [CP] Check Pods Manifest.lock */ = {
			isa = PBXShellScriptBuildPhase;
			buildActionMask = 2147483647;
			files = (
			);
			inputFileListPaths = (
			);
			inputPaths = (
				"${PODS_PODFILE_DIR_PATH}/Podfile.lock",
				"${PODS_ROOT}/Manifest.lock",
			);
			name = "[CP] Check Pods Manifest.lock";
			outputFileListPaths = (
			);
			outputPaths = (
				"$(DERIVED_FILE_DIR)/Pods-Sky-checkManifestLockResult.txt",
			);
			runOnlyForDeploymentPostprocessing = 0;
			shellPath = /bin/sh;
			shellScript = "diff \"${PODS_PODFILE_DIR_PATH}/Podfile.lock\" \"${PODS_ROOT}/Manifest.lock\" > /dev/null\nif [ $? != 0 ] ; then\n    # print error to STDERR\n    echo \"error: The sandbox is not in sync with the Podfile.lock. Run 'pod install' or update your CocoaPods installation.\" >&2\n    exit 1\nfi\n# This output is used by Xcode 'outputs' to avoid re-running this script phase.\necho \"SUCCESS\" > \"${SCRIPT_OUTPUT_FILE_0}\"\n";
			showEnvVarsInLog = 0;
		};
		DAB26FCC8B788326C9B5E7B9 /* [CP] Embed Pods Frameworks */ = {
			isa = PBXShellScriptBuildPhase;
			buildActionMask = 2147483647;
			files = (
			);
			inputFileListPaths = (
			);
			inputPaths = (
				"${PODS_ROOT}/Target Support Files/Pods-Sky/Pods-Sky-frameworks.sh",
				"${BUILT_PRODUCTS_DIR}/Alamofire/Alamofire.framework",
				"${BUILT_PRODUCTS_DIR}/RxAtomic/RxAtomic.framework",
				"${BUILT_PRODUCTS_DIR}/RxCocoa/RxCocoa.framework",
				"${BUILT_PRODUCTS_DIR}/RxSwift/RxSwift.framework",
			);
			name = "[CP] Embed Pods Frameworks";
			outputFileListPaths = (
			);
			outputPaths = (
				"${TARGET_BUILD_DIR}/${FRAMEWORKS_FOLDER_PATH}/Alamofire.framework",
				"${TARGET_BUILD_DIR}/${FRAMEWORKS_FOLDER_PATH}/RxAtomic.framework",
				"${TARGET_BUILD_DIR}/${FRAMEWORKS_FOLDER_PATH}/RxCocoa.framework",
				"${TARGET_BUILD_DIR}/${FRAMEWORKS_FOLDER_PATH}/RxSwift.framework",
			);
			runOnlyForDeploymentPostprocessing = 0;
			shellPath = /bin/sh;
			shellScript = "\"${PODS_ROOT}/Target Support Files/Pods-Sky/Pods-Sky-frameworks.sh\"\n";
			showEnvVarsInLog = 0;
		};
/* End PBXShellScriptBuildPhase section */

/* Begin PBXSourcesBuildPhase section */
		5BB0223021D7275600533925 /* Sources */ = {
			isa = PBXSourcesBuildPhase;
			buildActionMask = 2147483647;
			files = (
				5BFC4D9E21DC6A8B00140D08 /* WeatherDataManager.swift in Sources */,
				5BFC4D9721DC676900140D08 /* Configuration.swift in Sources */,
				5BFC4D9B21DC69AF00140D08 /* WeatherData.swift in Sources */,
				5BB0223A21D7275600533925 /* ViewController.swift in Sources */,
				5BFC4D9921DC694200140D08 /* Location.swift in Sources */,
				5BB0223821D7275600533925 /* AppDelegate.swift in Sources */,
			);
			runOnlyForDeploymentPostprocessing = 0;
		};
/* End PBXSourcesBuildPhase section */

/* Begin PBXVariantGroup section */
		5BB0223B21D7275600533925 /* Main.storyboard */ = {
			isa = PBXVariantGroup;
			children = (
				5BB0223C21D7275600533925 /* Base */,
			);
			name = Main.storyboard;
			sourceTree = "<group>";
		};
		5BB0224021D7275900533925 /* LaunchScreen.storyboard */ = {
			isa = PBXVariantGroup;
			children = (
				5BB0224121D7275900533925 /* Base */,
			);
			name = LaunchScreen.storyboard;
			sourceTree = "<group>";
		};
/* End PBXVariantGroup section */

/* Begin XCBuildConfiguration section */
		5BB0224421D7275900533925 /* Debug */ = {
			isa = XCBuildConfiguration;
			buildSettings = {
				ALWAYS_SEARCH_USER_PATHS = NO;
				CLANG_ANALYZER_NONNULL = YES;
				CLANG_ANALYZER_NUMBER_OBJECT_CONVERSION = YES_AGGRESSIVE;
				CLANG_CXX_LANGUAGE_STANDARD = "gnu++14";
				CLANG_CXX_LIBRARY = "libc++";
				CLANG_ENABLE_MODULES = YES;
				CLANG_ENABLE_OBJC_ARC = YES;
				CLANG_ENABLE_OBJC_WEAK = YES;
				CLANG_WARN_BLOCK_CAPTURE_AUTORELEASING = YES;
				CLANG_WARN_BOOL_CONVERSION = YES;
				CLANG_WARN_COMMA = YES;
				CLANG_WARN_CONSTANT_CONVERSION = YES;
				CLANG_WARN_DEPRECATED_OBJC_IMPLEMENTATIONS = YES;
				CLANG_WARN_DIRECT_OBJC_ISA_USAGE = YES_ERROR;
				CLANG_WARN_DOCUMENTATION_COMMENTS = YES;
				CLANG_WARN_EMPTY_BODY = YES;
				CLANG_WARN_ENUM_CONVERSION = YES;
				CLANG_WARN_INFINITE_RECURSION = YES;
				CLANG_WARN_INT_CONVERSION = YES;
				CLANG_WARN_NON_LITERAL_NULL_CONVERSION = YES;
				CLANG_WARN_OBJC_IMPLICIT_RETAIN_SELF = YES;
				CLANG_WARN_OBJC_LITERAL_CONVERSION = YES;
				CLANG_WARN_OBJC_ROOT_CLASS = YES_ERROR;
				CLANG_WARN_RANGE_LOOP_ANALYSIS = YES;
				CLANG_WARN_STRICT_PROTOTYPES = YES;
				CLANG_WARN_SUSPICIOUS_MOVE = YES;
				CLANG_WARN_UNGUARDED_AVAILABILITY = YES_AGGRESSIVE;
				CLANG_WARN_UNREACHABLE_CODE = YES;
				CLANG_WARN__DUPLICATE_METHOD_MATCH = YES;
				CODE_SIGN_IDENTITY = "iPhone Developer";
				COPY_PHASE_STRIP = NO;
				DEBUG_INFORMATION_FORMAT = dwarf;
				ENABLE_STRICT_OBJC_MSGSEND = YES;
				ENABLE_TESTABILITY = YES;
				GCC_C_LANGUAGE_STANDARD = gnu11;
				GCC_DYNAMIC_NO_PIC = NO;
				GCC_NO_COMMON_BLOCKS = YES;
				GCC_OPTIMIZATION_LEVEL = 0;
				GCC_PREPROCESSOR_DEFINITIONS = (
					"DEBUG=1",
					"$(inherited)",
				);
				GCC_WARN_64_TO_32_BIT_CONVERSION = YES;
				GCC_WARN_ABOUT_RETURN_TYPE = YES_ERROR;
				GCC_WARN_UNDECLARED_SELECTOR = YES;
				GCC_WARN_UNINITIALIZED_AUTOS = YES_AGGRESSIVE;
				GCC_WARN_UNUSED_FUNCTION = YES;
				GCC_WARN_UNUSED_VARIABLE = YES;
				IPHONEOS_DEPLOYMENT_TARGET = 12.1;
				MTL_ENABLE_DEBUG_INFO = INCLUDE_SOURCE;
				MTL_FAST_MATH = YES;
				ONLY_ACTIVE_ARCH = YES;
				SDKROOT = iphoneos;
				SWIFT_ACTIVE_COMPILATION_CONDITIONS = DEBUG;
				SWIFT_OPTIMIZATION_LEVEL = "-Onone";
			};
			name = Debug;
		};
		5BB0224521D7275900533925 /* Release */ = {
			isa = XCBuildConfiguration;
			buildSettings = {
				ALWAYS_SEARCH_USER_PATHS = NO;
				CLANG_ANALYZER_NONNULL = YES;
				CLANG_ANALYZER_NUMBER_OBJECT_CONVERSION = YES_AGGRESSIVE;
				CLANG_CXX_LANGUAGE_STANDARD = "gnu++14";
				CLANG_CXX_LIBRARY = "libc++";
				CLANG_ENABLE_MODULES = YES;
				CLANG_ENABLE_OBJC_ARC = YES;
				CLANG_ENABLE_OBJC_WEAK = YES;
				CLANG_WARN_BLOCK_CAPTURE_AUTORELEASING = YES;
				CLANG_WARN_BOOL_CONVERSION = YES;
				CLANG_WARN_COMMA = YES;
				CLANG_WARN_CONSTANT_CONVERSION = YES;
				CLANG_WARN_DEPRECATED_OBJC_IMPLEMENTATIONS = YES;
				CLANG_WARN_DIRECT_OBJC_ISA_USAGE = YES_ERROR;
				CLANG_WARN_DOCUMENTATION_COMMENTS = YES;
				CLANG_WARN_EMPTY_BODY = YES;
				CLANG_WARN_ENUM_CONVERSION = YES;
				CLANG_WARN_INFINITE_RECURSION = YES;
				CLANG_WARN_INT_CONVERSION = YES;
				CLANG_WARN_NON_LITERAL_NULL_CONVERSION = YES;
				CLANG_WARN_OBJC_IMPLICIT_RETAIN_SELF = YES;
				CLANG_WARN_OBJC_LITERAL_CONVERSION = YES;
				CLANG_WARN_OBJC_ROOT_CLASS = YES_ERROR;
				CLANG_WARN_RANGE_LOOP_ANALYSIS = YES;
				CLANG_WARN_STRICT_PROTOTYPES = YES;
				CLANG_WARN_SUSPICIOUS_MOVE = YES;
				CLANG_WARN_UNGUARDED_AVAILABILITY = YES_AGGRESSIVE;
				CLANG_WARN_UNREACHABLE_CODE = YES;
				CLANG_WARN__DUPLICATE_METHOD_MATCH = YES;
				CODE_SIGN_IDENTITY = "iPhone Developer";
				COPY_PHASE_STRIP = NO;
				DEBUG_INFORMATION_FORMAT = "dwarf-with-dsym";
				ENABLE_NS_ASSERTIONS = NO;
				ENABLE_STRICT_OBJC_MSGSEND = YES;
				GCC_C_LANGUAGE_STANDARD = gnu11;
				GCC_NO_COMMON_BLOCKS = YES;
				GCC_WARN_64_TO_32_BIT_CONVERSION = YES;
				GCC_WARN_ABOUT_RETURN_TYPE = YES_ERROR;
				GCC_WARN_UNDECLARED_SELECTOR = YES;
				GCC_WARN_UNINITIALIZED_AUTOS = YES_AGGRESSIVE;
				GCC_WARN_UNUSED_FUNCTION = YES;
				GCC_WARN_UNUSED_VARIABLE = YES;
				IPHONEOS_DEPLOYMENT_TARGET = 12.1;
				MTL_ENABLE_DEBUG_INFO = NO;
				MTL_FAST_MATH = YES;
				SDKROOT = iphoneos;
				SWIFT_COMPILATION_MODE = wholemodule;
				SWIFT_OPTIMIZATION_LEVEL = "-O";
				VALIDATE_PRODUCT = YES;
			};
			name = Release;
		};
		5BB0224721D7275900533925 /* Debug */ = {
			isa = XCBuildConfiguration;
			baseConfigurationReference = D38B3EAAD3E08C7388D754BC /* Pods-Sky.debug.xcconfig */;
			buildSettings = {
				ASSETCATALOG_COMPILER_APPICON_NAME = AppIcon;
				CODE_SIGN_STYLE = Automatic;
				DEVELOPMENT_TEAM = DCBW8CKASN;
				INFOPLIST_FILE = "$(SRCROOT)/Resource/Info.plist";
				IPHONEOS_DEPLOYMENT_TARGET = 11.0;
				LD_RUNPATH_SEARCH_PATHS = (
					"$(inherited)",
					"@executable_path/Frameworks",
				);
				PRODUCT_BUNDLE_IDENTIFIER = com.kuroky.Sky;
				PRODUCT_NAME = "$(TARGET_NAME)";
				SWIFT_VERSION = 4.2;
				TARGETED_DEVICE_FAMILY = "1,2";
			};
			name = Debug;
		};
		5BB0224821D7275900533925 /* Release */ = {
			isa = XCBuildConfiguration;
			baseConfigurationReference = 00FC26E07C2DAFC592FDA5CD /* Pods-Sky.release.xcconfig */;
			buildSettings = {
				ASSETCATALOG_COMPILER_APPICON_NAME = AppIcon;
				CODE_SIGN_STYLE = Automatic;
				DEVELOPMENT_TEAM = DCBW8CKASN;
				INFOPLIST_FILE = "$(SRCROOT)/Resource/Info.plist";
				IPHONEOS_DEPLOYMENT_TARGET = 11.0;
				LD_RUNPATH_SEARCH_PATHS = (
					"$(inherited)",
					"@executable_path/Frameworks",
				);
				PRODUCT_BUNDLE_IDENTIFIER = com.kuroky.Sky;
				PRODUCT_NAME = "$(TARGET_NAME)";
				SWIFT_VERSION = 4.2;
				TARGETED_DEVICE_FAMILY = "1,2";
			};
			name = Release;
		};
/* End XCBuildConfiguration section */

/* Begin XCConfigurationList section */
		5BB0222F21D7275600533925 /* Build configuration list for PBXProject "Sky" */ = {
			isa = XCConfigurationList;
			buildConfigurations = (
				5BB0224421D7275900533925 /* Debug */,
				5BB0224521D7275900533925 /* Release */,
			);
			defaultConfigurationIsVisible = 0;
			defaultConfigurationName = Release;
		};
		5BB0224621D7275900533925 /* Build configuration list for PBXNativeTarget "Sky" */ = {
			isa = XCConfigurationList;
			buildConfigurations = (
				5BB0224721D7275900533925 /* Debug */,
				5BB0224821D7275900533925 /* Release */,
			);
			defaultConfigurationIsVisible = 0;
			defaultConfigurationName = Release;
		};
/* End XCConfigurationList section */
	};
	rootObject = 5BB0222C21D7275600533925 /* Project object */;
}
